# This file is automatically @generated by Wally.
# It is not intended for manual editing.
registry = "test"

[[package]]
name = "cozywitchcraft/infinite-mineswe"
version = "0.1.0"
dependencies = [["BloxstrapRPC", "pizzaboxer/bloxstrap-rpc-sdk@1.0.1"], ["PacketProfiler", "pyseph/packetprofiler@2.3.0"]]

[[package]]
name = "pizzaboxer/bloxstrap-rpc-sdk"
version = "1.0.1"
dependencies = []

[[package]]
name = "pyseph/packetprofiler"
version = "2.3.0"
dependencies = [["PacketSizeCounter", "pysephwasntavailable/remotepacketsizecounter@2.4.1"], ["Roact", "pysephwasntavailable/roact-constant-fork@1.5.0"], ["Signal", "stravant/goodsignal@0.2.1"]]

[[package]]
name = "pysephwasntavailable/remotepacketsizecounter"
version = "2.4.1"
dependencies = []

[[package]]
name = "pysephwasntavailable/roact-constant-fork"
version = "1.5.0"
dependencies = []

[[package]]
name = "stravant/goodsignal"
version = "0.2.1"
dependencies = []
